
Microsoft Visual Studio Solution File, Format Version 12.00
# Visual Studio Version 17
VisualStudioVersion = 17.4.33110.190
MinimumVisualStudioVersion = 10.0.40219.1
Project("{2150E333-8FDC-42A3-9474-1A3956D46DE8}") = "Solution Items", "Solution Items", "{3623E69B-6513-42E3-849D-00F3CFA5AF94}"
EndProject
Project("{FAE04EC0-301F-11D3-BF4B-00C04F79EFBC}") = "Calculator", "ConsoleApp1\Calculator.csproj", "{03F7D400-C605-4081-A5C5-2C669B897C23}"
EndProject
Project("{FAE04EC0-301F-11D3-BF4B-00C04F79EFBC}") = "CalculatorLibrary", "CalculatorLibrary\CalculatorLibrary.csproj", "{E5BF8AC8-4AE3-4408-A602-B3CA1E066D3D}"
EndProject
Global
	GlobalSection(SolutionConfigurationPlatforms) = preSolution
		Debug|Any CPU = Debug|Any CPU
		Release|Any CPU = Release|Any CPU
	EndGlobalSection
	GlobalSection(ProjectConfigurationPlatforms) = postSolution
		{03F7D400-C605-4081-A5C5-2C669B897C23}.Debug|Any CPU.ActiveCfg = Debug|Any CPU
		{03F7D400-C605-4081-A5C5-2C669B897C23}.Debug|Any CPU.Build.0 = Debug|Any CPU
		{03F7D400-C605-4081-A5C5-2C669B897C23}.Release|Any CPU.ActiveCfg = Release|Any CPU
		{03F7D400-C605-4081-A5C5-2C669B897C23}.Release|Any CPU.Build.0 = Release|Any CPU
		{E5BF8AC8-4AE3-4408-A602-B3CA1E066D3D}.Debug|Any CPU.ActiveCfg = Debug|Any CPU
		{E5BF8AC8-4AE3-4408-A602-B3CA1E066D3D}.Debug|Any CPU.Build.0 = Debug|Any CPU
		{E5BF8AC8-4AE3-4408-A602-B3CA1E066D3D}.Release|Any CPU.ActiveCfg = Release|Any CPU
		{E5BF8AC8-4AE3-4408-A602-B3CA1E066D3D}.Release|Any CPU.Build.0 = Release|Any CPU
	EndGlobalSection
	GlobalSection(SolutionProperties) = preSolution
		HideSolutionNode = FALSE
	EndGlobalSection
	GlobalSection(NestedProjects) = preSolution
		{03F7D400-C605-4081-A5C5-2C669B897C23} = {3623E69B-6513-42E3-849D-00F3CFA5AF94}
		{E5BF8AC8-4AE3-4408-A602-B3CA1E066D3D} = {3623E69B-6513-42E3-849D-00F3CFA5AF94}
	EndGlobalSection
	GlobalSection(ExtensibilityGlobals) = postSolution
		SolutionGuid = {9A5AD39D-6480-4485-BBAC-6A411F5CA1E9}
	EndGlobalSection
EndGlobal
